
Microsoft Visual Studio Solution File, Format Version 12.00
# Visual Studio Version 16
VisualStudioVersion = 16.0.29519.87
MinimumVisualStudioVersion = 10.0.40219.1
Project("{9A19103F-16F7-4668-BE54-9A1E7A4F7556}") = "Utils-IoT", "Utils-IoT\Utils-IoT.csproj", "{549D532E-F859-4128-BA8E-9658E7349F64}"
EndProject
Project("{9A19103F-16F7-4668-BE54-9A1E7A4F7556}") = "Utils", "..\Utils\Utils\Utils.csproj", "{5A666820-02FF-4649-95F7-476CE95E0E29}"
EndProject
Project("{9A19103F-16F7-4668-BE54-9A1E7A4F7556}") = "litjson", "..\..\Librarys\litjson\litjson\litjson.csproj", "{822DFFA0-7838-4590-8160-63EC92AE15B5}"
EndProject
Global
	GlobalSection(SolutionConfigurationPlatforms) = preSolution
		Debug|Any CPU = Debug|Any CPU
		Release|Any CPU = Release|Any CPU
	EndGlobalSection
	GlobalSection(ProjectConfigurationPlatforms) = postSolution
		{549D532E-F859-4128-BA8E-9658E7349F64}.Debug|Any CPU.ActiveCfg = Debug|Any CPU
		{549D532E-F859-4128-BA8E-9658E7349F64}.Debug|Any CPU.Build.0 = Debug|Any CPU
		{549D532E-F859-4128-BA8E-9658E7349F64}.Release|Any CPU.ActiveCfg = Release|Any CPU
		{549D532E-F859-4128-BA8E-9658E7349F64}.Release|Any CPU.Build.0 = Release|Any CPU
		{5A666820-02FF-4649-95F7-476CE95E0E29}.Debug|Any CPU.ActiveCfg = Debug|Any CPU
		{5A666820-02FF-4649-95F7-476CE95E0E29}.Debug|Any CPU.Build.0 = Debug|Any CPU
		{5A666820-02FF-4649-95F7-476CE95E0E29}.Release|Any CPU.ActiveCfg = Release|Any CPU
		{5A666820-02FF-4649-95F7-476CE95E0E29}.Release|Any CPU.Build.0 = Release|Any CPU
		{822DFFA0-7838-4590-8160-63EC92AE15B5}.Debug|Any CPU.ActiveCfg = Debug|Any CPU
		{822DFFA0-7838-4590-8160-63EC92AE15B5}.Debug|Any CPU.Build.0 = Debug|Any CPU
		{822DFFA0-7838-4590-8160-63EC92AE15B5}.Release|Any CPU.ActiveCfg = Release|Any CPU
		{822DFFA0-7838-4590-8160-63EC92AE15B5}.Release|Any CPU.Build.0 = Release|Any CPU
	EndGlobalSection
	GlobalSection(SolutionProperties) = preSolution
		HideSolutionNode = FALSE
	EndGlobalSection
	GlobalSection(ExtensibilityGlobals) = postSolution
		SolutionGuid = {28A0A2C2-A747-4FB6-80F6-50CA564403B8}
	EndGlobalSection
EndGlobal
